
Microsoft Visual Studio Solution File, Format Version 12.00
# Visual Studio Version 17
VisualStudioVersion = 17.6.33815.320
MinimumVisualStudioVersion = 10.0.40219.1
Project("{FAE04EC0-301F-11D3-BF4B-00C04F79EFBC}") = "BTLab6.3Cshap", "BTLab6.3Cshap.csproj", "{A48922DC-8B0B-4B5E-80BF-212EBF5D4CEB}"
EndProject
Global
	GlobalSection(SolutionConfigurationPlatforms) = preSolution
		Debug|Any CPU = Debug|Any CPU
		Release|Any CPU = Release|Any CPU
	EndGlobalSection
	GlobalSection(ProjectConfigurationPlatforms) = postSolution
		{A48922DC-8B0B-4B5E-80BF-212EBF5D4CEB}.Debug|Any CPU.ActiveCfg = Debug|Any CPU
		{A48922DC-8B0B-4B5E-80BF-212EBF5D4CEB}.Debug|Any CPU.Build.0 = Debug|Any CPU
		{A48922DC-8B0B-4B5E-80BF-212EBF5D4CEB}.Release|Any CPU.ActiveCfg = Release|Any CPU
		{A48922DC-8B0B-4B5E-80BF-212EBF5D4CEB}.Release|Any CPU.Build.0 = Release|Any CPU
	EndGlobalSection
	GlobalSection(SolutionProperties) = preSolution
		HideSolutionNode = FALSE
	EndGlobalSection
	GlobalSection(ExtensibilityGlobals) = postSolution
		SolutionGuid = {70EDAEED-8238-4D11-8FE2-D310E3DC353C}
	EndGlobalSection
EndGlobal
